
Microsoft Visual Studio Solution File, Format Version 12.00
# Visual Studio Version 17
VisualStudioVersion = 17.0.31903.59
MinimumVisualStudioVersion = 10.0.40219.1
Project("{2150E333-8FDC-42A3-9474-1A3956D46DE8}") = "src", "src", "{CEC2C729-9F1C-4A19-ADAD-73765ACB99A6}"
EndProject
Project("{FAE04EC0-301F-11D3-BF4B-00C04F79EFBC}") = "WolverineIssueReproduction.Application", "src\WolverineIssueReproduction.Application\WolverineIssueReproduction.Application.csproj", "{46D1EA18-C1EB-4D76-A9E9-9F2F0D385283}"
EndProject
Project("{FAE04EC0-301F-11D3-BF4B-00C04F79EFBC}") = "WolverineIssueReproduction.WebApi", "src\WolverineIssueReproduction.WebApi\WolverineIssueReproduction.WebApi.csproj", "{86C388FC-A13A-4816-848E-A835043AE259}"
EndProject
Project("{FAE04EC0-301F-11D3-BF4B-00C04F79EFBC}") = "WolverineIssueReproduction.Tests", "src\WolverineIssueReproduction.Tests\WolverineIssueReproduction.Tests.csproj", "{6AE356AE-8C2F-4F88-B8B7-5639725AAD1D}"
EndProject
Global
	GlobalSection(SolutionConfigurationPlatforms) = preSolution
		Debug|Any CPU = Debug|Any CPU
		Release|Any CPU = Release|Any CPU
	EndGlobalSection
	GlobalSection(SolutionProperties) = preSolution
		HideSolutionNode = FALSE
	EndGlobalSection
	GlobalSection(ProjectConfigurationPlatforms) = postSolution
		{46D1EA18-C1EB-4D76-A9E9-9F2F0D385283}.Debug|Any CPU.ActiveCfg = Debug|Any CPU
		{46D1EA18-C1EB-4D76-A9E9-9F2F0D385283}.Debug|Any CPU.Build.0 = Debug|Any CPU
		{46D1EA18-C1EB-4D76-A9E9-9F2F0D385283}.Release|Any CPU.ActiveCfg = Release|Any CPU
		{46D1EA18-C1EB-4D76-A9E9-9F2F0D385283}.Release|Any CPU.Build.0 = Release|Any CPU
		{86C388FC-A13A-4816-848E-A835043AE259}.Debug|Any CPU.ActiveCfg = Debug|Any CPU
		{86C388FC-A13A-4816-848E-A835043AE259}.Debug|Any CPU.Build.0 = Debug|Any CPU
		{86C388FC-A13A-4816-848E-A835043AE259}.Release|Any CPU.ActiveCfg = Release|Any CPU
		{86C388FC-A13A-4816-848E-A835043AE259}.Release|Any CPU.Build.0 = Release|Any CPU
		{6AE356AE-8C2F-4F88-B8B7-5639725AAD1D}.Debug|Any CPU.ActiveCfg = Debug|Any CPU
		{6AE356AE-8C2F-4F88-B8B7-5639725AAD1D}.Debug|Any CPU.Build.0 = Debug|Any CPU
		{6AE356AE-8C2F-4F88-B8B7-5639725AAD1D}.Release|Any CPU.ActiveCfg = Release|Any CPU
		{6AE356AE-8C2F-4F88-B8B7-5639725AAD1D}.Release|Any CPU.Build.0 = Release|Any CPU
	EndGlobalSection
	GlobalSection(NestedProjects) = preSolution
		{46D1EA18-C1EB-4D76-A9E9-9F2F0D385283} = {CEC2C729-9F1C-4A19-ADAD-73765ACB99A6}
		{86C388FC-A13A-4816-848E-A835043AE259} = {CEC2C729-9F1C-4A19-ADAD-73765ACB99A6}
		{6AE356AE-8C2F-4F88-B8B7-5639725AAD1D} = {CEC2C729-9F1C-4A19-ADAD-73765ACB99A6}
	EndGlobalSection
EndGlobal
